// !$*UTF8*$!
{
	archiveVersion = 1;
	classes = {
	};
	objectVersion = 46;
	objects = {

/* Begin PBXBuildFile section */
		182655BD1B15C99700C1E2B6 /* main.m in Sources */ = {isa = PBXBuildFile; fileRef = 182655BC1B15C99700C1E2B6 /* main.m */; };
		182655C01B15C99700C1E2B6 /* AppDelegate.m in Sources */ = {isa = PBXBuildFile; fileRef = 182655BF1B15C99700C1E2B6 /* AppDelegate.m */; };
		182655C31B15C99700C1E2B6 /* ViewController.m in Sources */ = {isa = PBXBuildFile; fileRef = 182655C21B15C99700C1E2B6 /* ViewController.m */; };
		182655C61B15C99700C1E2B6 /* Main.storyboard in Resources */ = {isa = PBXBuildFile; fileRef = 182655C41B15C99700C1E2B6 /* Main.storyboard */; };
		182655C81B15C99700C1E2B6 /* Images.xcassets in Resources */ = {isa = PBXBuildFile; fileRef = 182655C71B15C99700C1E2B6 /* Images.xcassets */; };
		182655CB1B15C99700C1E2B6 /* LaunchScreen.xib in Resources */ = {isa = PBXBuildFile; fileRef = 182655C91B15C99700C1E2B6 /* LaunchScreen.xib */; };
		182655D71B15C99700C1E2B6 /* BannerDemoTests.m in Sources */ = {isa = PBXBuildFile; fileRef = 182655D61B15C99700C1E2B6 /* BannerDemoTests.m */; };
		182656061B15C9C100C1E2B6 /* BannerObject.m in Sources */ = {isa = PBXBuildFile; fileRef = 182655E11B15C9C100C1E2B6 /* BannerObject.m */; };
		182656071B15C9C100C1E2B6 /* BannerView.m in Sources */ = {isa = PBXBuildFile; fileRef = 182655E31B15C9C100C1E2B6 /* BannerView.m */; };
		182656081B15C9C100C1E2B6 /* BannerView.xib in Resources */ = {isa = PBXBuildFile; fileRef = 182655E41B15C9C100C1E2B6 /* BannerView.xib */; };
		182656091B15C9C100C1E2B6 /* LICENSE in Resources */ = {isa = PBXBuildFile; fileRef = 182655E61B15C9C100C1E2B6 /* LICENSE */; };
		1826560A1B15C9C100C1E2B6 /* README.md in Sources */ = {isa = PBXBuildFile; fileRef = 182655E71B15C9C100C1E2B6 /* README.md */; };
		1826560B1B15C9C100C1E2B6 /* NSData+ImageContentType.m in Sources */ = {isa = PBXBuildFile; fileRef = 182655EA1B15C9C100C1E2B6 /* NSData+ImageContentType.m */; };
		1826560C1B15C9C100C1E2B6 /* SDImageCache.m in Sources */ = {isa = PBXBuildFile; fileRef = 182655EC1B15C9C100C1E2B6 /* SDImageCache.m */; };
		1826560D1B15C9C100C1E2B6 /* SDWebImageCompat.m in Sources */ = {isa = PBXBuildFile; fileRef = 182655EE1B15C9C100C1E2B6 /* SDWebImageCompat.m */; };
		1826560E1B15C9C100C1E2B6 /* SDWebImageDecoder.m in Sources */ = {isa = PBXBuildFile; fileRef = 182655F01B15C9C100C1E2B6 /* SDWebImageDecoder.m */; };
		1826560F1B15C9C100C1E2B6 /* SDWebImageDownloader.m in Sources */ = {isa = PBXBuildFile; fileRef = 182655F21B15C9C100C1E2B6 /* SDWebImageDownloader.m */; };
		182656101B15C9C100C1E2B6 /* SDWebImageDownloaderOperation.m in Sources */ = {isa = PBXBuildFile; fileRef = 182655F41B15C9C100C1E2B6 /* SDWebImageDownloaderOperation.m */; };
		182656111B15C9C100C1E2B6 /* SDWebImageManager.m in Sources */ = {isa = PBXBuildFile; fileRef = 182655F61B15C9C100C1E2B6 /* SDWebImageManager.m */; };
		182656121B15C9C100C1E2B6 /* SDWebImagePrefetcher.m in Sources */ = {isa = PBXBuildFile; fileRef = 182655F91B15C9C100C1E2B6 /* SDWebImagePrefetcher.m */; };
		182656131B15C9C100C1E2B6 /* UIButton+WebCache.m in Sources */ = {isa = PBXBuildFile; fileRef = 182655FB1B15C9C100C1E2B6 /* UIButton+WebCache.m */; };
		182656141B15C9C100C1E2B6 /* UIImage+GIF.m in Sources */ = {isa = PBXBuildFile; fileRef = 182655FD1B15C9C100C1E2B6 /* UIImage+GIF.m */; };
		182656151B15C9C100C1E2B6 /* UIImage+MultiFormat.m in Sources */ = {isa = PBXBuildFile; fileRef = 182655FF1B15C9C100C1E2B6 /* UIImage+MultiFormat.m */; };
		182656161B15C9C100C1E2B6 /* UIImageView+HighlightedWebCache.m in Sources */ = {isa = PBXBuildFile; fileRef = 182656011B15C9C100C1E2B6 /* UIImageView+HighlightedWebCache.m */; };
		182656171B15C9C100C1E2B6 /* UIImageView+WebCache.m in Sources */ = {isa = PBXBuildFile; fileRef = 182656031B15C9C100C1E2B6 /* UIImageView+WebCache.m */; };
		182656181B15C9C100C1E2B6 /* UIView+WebCacheOperation.m in Sources */ = {isa = PBXBuildFile; fileRef = 182656051B15C9C100C1E2B6 /* UIView+WebCacheOperation.m */; };
		1826561C1B15CAEF00C1E2B6 /* 1.png in Resources */ = {isa = PBXBuildFile; fileRef = 182656191B15CAEF00C1E2B6 /* 1.png */; };
		1826561D1B15CAEF00C1E2B6 /* 2.png in Resources */ = {isa = PBXBuildFile; fileRef = 1826561A1B15CAEF00C1E2B6 /* 2.png */; };
		1826561E1B15CAEF00C1E2B6 /* 3.png in Resources */ = {isa = PBXBuildFile; fileRef = 1826561B1B15CAEF00C1E2B6 /* 3.png */; };
/* End PBXBuildFile section */

/* Begin PBXContainerItemProxy section */
		182655D11B15C99700C1E2B6 /* PBXContainerItemProxy */ = {
			isa = PBXContainerItemProxy;
			containerPortal = 182655AF1B15C99700C1E2B6 /* Project object */;
			proxyType = 1;
			remoteGlobalIDString = 182655B61B15C99700C1E2B6;
			remoteInfo = BannerDemo;
		};
/* End PBXContainerItemProxy section */

/* Begin PBXFileReference section */
		182655B71B15C99700C1E2B6 /* BannerDemo.app */ = {isa = PBXFileReference; explicitFileType = wrapper.application; includeInIndex = 0; path = BannerDemo.app; sourceTree = BUILT_PRODUCTS_DIR; };
		182655BB1B15C99700C1E2B6 /* Info.plist */ = {isa = PBXFileReference; lastKnownFileType = text.plist.xml; path = Info.plist; sourceTree = "<group>"; };
		182655BC1B15C99700C1E2B6 /* main.m */ = {isa = PBXFileReference; lastKnownFileType = sourcecode.c.objc; path = main.m; sourceTree = "<group>"; };
		182655BE1B15C99700C1E2B6 /* AppDelegate.h */ = {isa = PBXFileReference; lastKnownFileType = sourcecode.c.h; path = AppDelegate.h; sourceTree = "<group>"; };
		182655BF1B15C99700C1E2B6 /* AppDelegate.m */ = {isa = PBXFileReference; lastKnownFileType = sourcecode.c.objc; path = AppDelegate.m; sourceTree = "<group>"; };
		182655C11B15C99700C1E2B6 /* ViewController.h */ = {isa = PBXFileReference; lastKnownFileType = sourcecode.c.h; path = ViewController.h; sourceTree = "<group>"; };
		182655C21B15C99700C1E2B6 /* ViewController.m */ = {isa = PBXFileReference; lastKnownFileType = sourcecode.c.objc; path = ViewController.m; sourceTree = "<group>"; };
		182655C51B15C99700C1E2B6 /* Base */ = {isa = PBXFileReference; lastKnownFileType = file.storyboard; name = Base; path = Base.lproj/Main.storyboard; sourceTree = "<group>"; };
		182655C71B15C99700C1E2B6 /* Images.xcassets */ = {isa = PBXFileReference; lastKnownFileType = folder.assetcatalog; path = Images.xcassets; sourceTree = "<group>"; };
		182655CA1B15C99700C1E2B6 /* Base */ = {isa = PBXFileReference; lastKnownFileType = file.xib; name = Base; path = Base.lproj/LaunchScreen.xib; sourceTree = "<group>"; };
		182655D01B15C99700C1E2B6 /* BannerDemoTests.xctest */ = {isa = PBXFileReference; explicitFileType = wrapper.cfbundle; includeInIndex = 0; path = BannerDemoTests.xctest; sourceTree = BUILT_PRODUCTS_DIR; };
		182655D51B15C99700C1E2B6 /* Info.plist */ = {isa = PBXFileReference; lastKnownFileType = text.plist.xml; path = Info.plist; sourceTree = "<group>"; };
		182655D61B15C99700C1E2B6 /* BannerDemoTests.m */ = {isa = PBXFileReference; lastKnownFileType = sourcecode.c.objc; path = BannerDemoTests.m; sourceTree = "<group>"; };
		182655E01B15C9C100C1E2B6 /* BannerObject.h */ = {isa = PBXFileReference; fileEncoding = 4; lastKnownFileType = sourcecode.c.h; path = BannerObject.h; sourceTree = "<group>"; };
		182655E11B15C9C100C1E2B6 /* BannerObject.m */ = {isa = PBXFileReference; fileEncoding = 4; lastKnownFileType = sourcecode.c.objc; path = BannerObject.m; sourceTree = "<group>"; };
		182655E21B15C9C100C1E2B6 /* BannerView.h */ = {isa = PBXFileReference; fileEncoding = 4; lastKnownFileType = sourcecode.c.h; path = BannerView.h; sourceTree = "<group>"; };
		182655E31B15C9C100C1E2B6 /* BannerView.m */ = {isa = PBXFileReference; fileEncoding = 4; lastKnownFileType = sourcecode.c.objc; path = BannerView.m; sourceTree = "<group>"; };
		182655E41B15C9C100C1E2B6 /* BannerView.xib */ = {isa = PBXFileReference; fileEncoding = 4; lastKnownFileType = file.xib; path = BannerView.xib; sourceTree = "<group>"; };
		182655E61B15C9C100C1E2B6 /* LICENSE */ = {isa = PBXFileReference; fileEncoding = 4; lastKnownFileType = text; path = LICENSE; sourceTree = "<group>"; };
		182655E71B15C9C100C1E2B6 /* README.md */ = {isa = PBXFileReference; fileEncoding = 4; lastKnownFileType = net.daringfireball.markdown; path = README.md; sourceTree = "<group>"; };
		182655E91B15C9C100C1E2B6 /* NSData+ImageContentType.h */ = {isa = PBXFileReference; fileEncoding = 4; lastKnownFileType = sourcecode.c.h; path = "NSData+ImageContentType.h"; sourceTree = "<group>"; };
		182655EA1B15C9C100C1E2B6 /* NSData+ImageContentType.m */ = {isa = PBXFileReference; fileEncoding = 4; lastKnownFileType = sourcecode.c.objc; path = "NSData+ImageContentType.m"; sourceTree = "<group>"; };
		182655EB1B15C9C100C1E2B6 /* SDImageCache.h */ = {isa = PBXFileReference; fileEncoding = 4; lastKnownFileType = sourcecode.c.h; path = SDImageCache.h; sourceTree = "<group>"; };
		182655EC1B15C9C100C1E2B6 /* SDImageCache.m */ = {isa = PBXFileReference; fileEncoding = 4; lastKnownFileType = sourcecode.c.objc; path = SDImageCache.m; sourceTree = "<group>"; };
		182655ED1B15C9C100C1E2B6 /* SDWebImageCompat.h */ = {isa = PBXFileReference; fileEncoding = 4; lastKnownFileType = sourcecode.c.h; path = SDWebImageCompat.h; sourceTree = "<group>"; };
		182655EE1B15C9C100C1E2B6 /* SDWebImageCompat.m */ = {isa = PBXFileReference; fileEncoding = 4; lastKnownFileType = sourcecode.c.objc; path = SDWebImageCompat.m; sourceTree = "<group>"; };
		182655EF1B15C9C100C1E2B6 /* SDWebImageDecoder.h */ = {isa = PBXFileReference; fileEncoding = 4; lastKnownFileType = sourcecode.c.h; path = SDWebImageDecoder.h; sourceTree = "<group>"; };
		182655F01B15C9C100C1E2B6 /* SDWebImageDecoder.m */ = {isa = PBXFileReference; fileEncoding = 4; lastKnownFileType = sourcecode.c.objc; path = SDWebImageDecoder.m; sourceTree = "<group>"; };
		182655F11B15C9C100C1E2B6 /* SDWebImageDownloader.h */ = {isa = PBXFileReference; fileEncoding = 4; lastKnownFileType = sourcecode.c.h; path = SDWebImageDownloader.h; sourceTree = "<group>"; };
		182655F21B15C9C100C1E2B6 /* SDWebImageDownloader.m */ = {isa = PBXFileReference; fileEncoding = 4; lastKnownFileType = sourcecode.c.objc; path = SDWebImageDownloader.m; sourceTree = "<group>"; };
		182655F31B15C9C100C1E2B6 /* SDWebImageDownloaderOperation.h */ = {isa = PBXFileReference; fileEncoding = 4; lastKnownFileType = sourcecode.c.h; path = SDWebImageDownloaderOperation.h; sourceTree = "<group>"; };
		182655F41B15C9C100C1E2B6 /* SDWebImageDownloaderOperation.m */ = {isa = PBXFileReference; fileEncoding = 4; lastKnownFileType = sourcecode.c.objc; path = SDWebImageDownloaderOperation.m; sourceTree = "<group>"; };
		182655F51B15C9C100C1E2B6 /* SDWebImageManager.h */ = {isa = PBXFileReference; fileEncoding = 4; lastKnownFileType = sourcecode.c.h; path = SDWebImageManager.h; sourceTree = "<group>"; };
		182655F61B15C9C100C1E2B6 /* SDWebImageManager.m */ = {isa = PBXFileReference; fileEncoding = 4; lastKnownFileType = sourcecode.c.objc; path = SDWebImageManager.m; sourceTree = "<group>"; };
		182655F71B15C9C100C1E2B6 /* SDWebImageOperation.h */ = {isa = PBXFileReference; fileEncoding = 4; lastKnownFileType = sourcecode.c.h; path = SDWebImageOperation.h; sourceTree = "<group>"; };
		182655F81B15C9C100C1E2B6 /* SDWebImagePrefetcher.h */ = {isa = PBXFileReference; fileEncoding = 4; lastKnownFileType = sourcecode.c.h; path = SDWebImagePrefetcher.h; sourceTree = "<group>"; };
		182655F91B15C9C100C1E2B6 /* SDWebImagePrefetcher.m */ = {isa = PBXFileReference; fileEncoding = 4; lastKnownFileType = sourcecode.c.objc; path = SDWebImagePrefetcher.m; sourceTree = "<group>"; };
		182655FA1B15C9C100C1E2B6 /* UIButton+WebCache.h */ = {isa = PBXFileReference; fileEncoding = 4; lastKnownFileType = sourcecode.c.h; path = "UIButton+WebCache.h"; sourceTree = "<group>"; };
		182655FB1B15C9C100C1E2B6 /* UIButton+WebCache.m */ = {isa = PBXFileReference; fileEncoding = 4; lastKnownFileType = sourcecode.c.objc; path = "UIButton+WebCache.m"; sourceTree = "<group>"; };
		182655FC1B15C9C100C1E2B6 /* UIImage+GIF.h */ = {isa = PBXFileReference; fileEncoding = 4; lastKnownFileType = sourcecode.c.h; path = "UIImage+GIF.h"; sourceTree = "<group>"; };
		182655FD1B15C9C100C1E2B6 /* UIImage+GIF.m */ = {isa = PBXFileReference; fileEncoding = 4; lastKnownFileType = sourcecode.c.objc; path = "UIImage+GIF.m"; sourceTree = "<group>"; };
		182655FE1B15C9C100C1E2B6 /* UIImage+MultiFormat.h */ = {isa = PBXFileReference; fileEncoding = 4; lastKnownFileType = sourcecode.c.h; path = "UIImage+MultiFormat.h"; sourceTree = "<group>"; };
		182655FF1B15C9C100C1E2B6 /* UIImage+MultiFormat.m */ = {isa = PBXFileReference; fileEncoding = 4; lastKnownFileType = sourcecode.c.objc; path = "UIImage+MultiFormat.m"; sourceTree = "<group>"; };
		182656001B15C9C100C1E2B6 /* UIImageView+HighlightedWebCache.h */ = {isa = PBXFileReference; fileEncoding = 4; lastKnownFileType = sourcecode.c.h; path = "UIImageView+HighlightedWebCache.h"; sourceTree = "<group>"; };
		182656011B15C9C100C1E2B6 /* UIImageView+HighlightedWebCache.m */ = {isa = PBXFileReference; fileEncoding = 4; lastKnownFileType = sourcecode.c.objc; path = "UIImageView+HighlightedWebCache.m"; sourceTree = "<group>"; };
		182656021B15C9C100C1E2B6 /* UIImageView+WebCache.h */ = {isa = PBXFileReference; fileEncoding = 4; lastKnownFileType = sourcecode.c.h; path = "UIImageView+WebCache.h"; sourceTree = "<group>"; };
		182656031B15C9C100C1E2B6 /* UIImageView+WebCache.m */ = {isa = PBXFileReference; fileEncoding = 4; lastKnownFileType = sourcecode.c.objc; path = "UIImageView+WebCache.m"; sourceTree = "<group>"; };
		182656041B15C9C100C1E2B6 /* UIView+WebCacheOperation.h */ = {isa = PBXFileReference; fileEncoding = 4; lastKnownFileType = sourcecode.c.h; path = "UIView+WebCacheOperation.h"; sourceTree = "<group>"; };
		182656051B15C9C100C1E2B6 /* UIView+WebCacheOperation.m */ = {isa = PBXFileReference; fileEncoding = 4; lastKnownFileType = sourcecode.c.objc; path = "UIView+WebCacheOperation.m"; sourceTree = "<group>"; };
		182656191B15CAEF00C1E2B6 /* 1.png */ = {isa = PBXFileReference; lastKnownFileType = image.png; path = 1.png; sourceTree = "<group>"; };
		1826561A1B15CAEF00C1E2B6 /* 2.png */ = {isa = PBXFileReference; lastKnownFileType = image.png; path = 2.png; sourceTree = "<group>"; };
		1826561B1B15CAEF00C1E2B6 /* 3.png */ = {isa = PBXFileReference; lastKnownFileType = image.png; path = 3.png; sourceTree = "<group>"; };
/* End PBXFileReference section */

/* Begin PBXFrameworksBuildPhase section */
		182655B41B15C99700C1E2B6 /* Frameworks */ = {
			isa = PBXFrameworksBuildPhase;
			buildActionMask = 2147483647;
			files = (
			);
			runOnlyForDeploymentPostprocessing = 0;
		};
		182655CD1B15C99700C1E2B6 /* Frameworks */ = {
			isa = PBXFrameworksBuildPhase;
			buildActionMask = 2147483647;
			files = (
			);
			runOnlyForDeploymentPostprocessing = 0;
		};
/* End PBXFrameworksBuildPhase section */

/* Begin PBXGroup section */
		182655AE1B15C99700C1E2B6 = {
			isa = PBXGroup;
			children = (
				182655B91B15C99700C1E2B6 /* BannerDemo */,
				182655D31B15C99700C1E2B6 /* BannerDemoTests */,
				182655B81B15C99700C1E2B6 /* Products */,
			);
			sourceTree = "<group>";
		};
		182655B81B15C99700C1E2B6 /* Products */ = {
			isa = PBXGroup;
			children = (
				182655B71B15C99700C1E2B6 /* BannerDemo.app */,
				182655D01B15C99700C1E2B6 /* BannerDemoTests.xctest */,
			);
			name = Products;
			sourceTree = "<group>";
		};
		182655B91B15C99700C1E2B6 /* BannerDemo */ = {
			isa = PBXGroup;
			children = (
				182655E51B15C9C100C1E2B6 /* SDWebImage */,
				182655E01B15C9C100C1E2B6 /* BannerObject.h */,
				182655E11B15C9C100C1E2B6 /* BannerObject.m */,
				182655E21B15C9C100C1E2B6 /* BannerView.h */,
				182655E31B15C9C100C1E2B6 /* BannerView.m */,
				182655E41B15C9C100C1E2B6 /* BannerView.xib */,
				182655BE1B15C99700C1E2B6 /* AppDelegate.h */,
				182655BF1B15C99700C1E2B6 /* AppDelegate.m */,
				182655C11B15C99700C1E2B6 /* ViewController.h */,
				182655C21B15C99700C1E2B6 /* ViewController.m */,
				182655C41B15C99700C1E2B6 /* Main.storyboard */,
				182655C71B15C99700C1E2B6 /* Images.xcassets */,
				182655C91B15C99700C1E2B6 /* LaunchScreen.xib */,
				182656191B15CAEF00C1E2B6 /* 1.png */,
				1826561A1B15CAEF00C1E2B6 /* 2.png */,
				1826561B1B15CAEF00C1E2B6 /* 3.png */,
				182655BA1B15C99700C1E2B6 /* Supporting Files */,
			);
			path = BannerDemo;
			sourceTree = "<group>";
		};
		182655BA1B15C99700C1E2B6 /* Supporting Files */ = {
			isa = PBXGroup;
			children = (
				182655BB1B15C99700C1E2B6 /* Info.plist */,
				182655BC1B15C99700C1E2B6 /* main.m */,
			);
			name = "Supporting Files";
			sourceTree = "<group>";
		};
		182655D31B15C99700C1E2B6 /* BannerDemoTests */ = {
			isa = PBXGroup;
			children = (
				182655D61B15C99700C1E2B6 /* BannerDemoTests.m */,
				182655D41B15C99700C1E2B6 /* Supporting Files */,
			);
			path = BannerDemoTests;
			sourceTree = "<group>";
		};
		182655D41B15C99700C1E2B6 /* Supporting Files */ = {
			isa = PBXGroup;
			children = (
				182655D51B15C99700C1E2B6 /* Info.plist */,
			);
			name = "Supporting Files";
			sourceTree = "<group>";
		};
		182655E51B15C9C100C1E2B6 /* SDWebImage */ = {
			isa = PBXGroup;
			children = (
				182655E61B15C9C100C1E2B6 /* LICENSE */,
				182655E71B15C9C100C1E2B6 /* README.md */,
				182655E81B15C9C100C1E2B6 /* SDWebImage */,
			);
			path = SDWebImage;
			sourceTree = "<group>";
		};
		182655E81B15C9C100C1E2B6 /* SDWebImage */ = {
			isa = PBXGroup;
			children = (
				182655E91B15C9C100C1E2B6 /* NSData+ImageContentType.h */,
				182655EA1B15C9C100C1E2B6 /* NSData+ImageContentType.m */,
				182655EB1B15C9C100C1E2B6 /* SDImageCache.h */,
				182655EC1B15C9C100C1E2B6 /* SDImageCache.m */,
				182655ED1B15C9C100C1E2B6 /* SDWebImageCompat.h */,
				182655EE1B15C9C100C1E2B6 /* SDWebImageCompat.m */,
				182655EF1B15C9C100C1E2B6 /* SDWebImageDecoder.h */,
				182655F01B15C9C100C1E2B6 /* SDWebImageDecoder.m */,
				182655F11B15C9C100C1E2B6 /* SDWebImageDownloader.h */,
				182655F21B15C9C100C1E2B6 /* SDWebImageDownloader.m */,
				182655F31B15C9C100C1E2B6 /* SDWebImageDownloaderOperation.h */,
				182655F41B15C9C100C1E2B6 /* SDWebImageDownloaderOperation.m */,
				182655F51B15C9C100C1E2B6 /* SDWebImageManager.h */,
				182655F61B15C9C100C1E2B6 /* SDWebImageManager.m */,
				182655F71B15C9C100C1E2B6 /* SDWebImageOperation.h */,
				182655F81B15C9C100C1E2B6 /* SDWebImagePrefetcher.h */,
				182655F91B15C9C100C1E2B6 /* SDWebImagePrefetcher.m */,
				182655FA1B15C9C100C1E2B6 /* UIButton+WebCache.h */,
				182655FB1B15C9C100C1E2B6 /* UIButton+WebCache.m */,
				182655FC1B15C9C100C1E2B6 /* UIImage+GIF.h */,
				182655FD1B15C9C100C1E2B6 /* UIImage+GIF.m */,
				182655FE1B15C9C100C1E2B6 /* UIImage+MultiFormat.h */,
				182655FF1B15C9C100C1E2B6 /* UIImage+MultiFormat.m */,
				182656001B15C9C100C1E2B6 /* UIImageView+HighlightedWebCache.h */,
				182656011B15C9C100C1E2B6 /* UIImageView+HighlightedWebCache.m */,
				182656021B15C9C100C1E2B6 /* UIImageView+WebCache.h */,
				182656031B15C9C100C1E2B6 /* UIImageView+WebCache.m */,
				182656041B15C9C100C1E2B6 /* UIView+WebCacheOperation.h */,
				182656051B15C9C100C1E2B6 /* UIView+WebCacheOperation.m */,
			);
			path = SDWebImage;
			sourceTree = "<group>";
		};
/* End PBXGroup section */

/* Begin PBXNativeTarget section */
		182655B61B15C99700C1E2B6 /* BannerDemo */ = {
			isa = PBXNativeTarget;
			buildConfigurationList = 182655DA1B15C99700C1E2B6 /* Build configuration list for PBXNativeTarget "BannerDemo" */;
			buildPhases = (
				182655B31B15C99700C1E2B6 /* Sources */,
				182655B41B15C99700C1E2B6 /* Frameworks */,
				182655B51B15C99700C1E2B6 /* Resources */,
			);
			buildRules = (
			);
			dependencies = (
			);
			name = BannerDemo;
			productName = BannerDemo;
			productReference = 182655B71B15C99700C1E2B6 /* BannerDemo.app */;
			productType = "com.apple.product-type.application";
		};
		182655CF1B15C99700C1E2B6 /* BannerDemoTests */ = {
			isa = PBXNativeTarget;
			buildConfigurationList = 182655DD1B15C99700C1E2B6 /* Build configuration list for PBXNativeTarget "BannerDemoTests" */;
			buildPhases = (
				182655CC1B15C99700C1E2B6 /* Sources */,
				182655CD1B15C99700C1E2B6 /* Frameworks */,
				182655CE1B15C99700C1E2B6 /* Resources */,
			);
			buildRules = (
			);
			dependencies = (
				182655D21B15C99700C1E2B6 /* PBXTargetDependency */,
			);
			name = BannerDemoTests;
			productName = BannerDemoTests;
			productReference = 182655D01B15C99700C1E2B6 /* BannerDemoTests.xctest */;
			productType = "com.apple.product-type.bundle.unit-test";
		};
/* End PBXNativeTarget section */

/* Begin PBXProject section */
		182655AF1B15C99700C1E2B6 /* Project object */ = {
			isa = PBXProject;
			attributes = {
				LastUpgradeCheck = 0620;
				ORGANIZATIONNAME = com.injoinow;
				TargetAttributes = {
					182655B61B15C99700C1E2B6 = {
						CreatedOnToolsVersion = 6.2;
					};
					182655CF1B15C99700C1E2B6 = {
						CreatedOnToolsVersion = 6.2;
						TestTargetID = 182655B61B15C99700C1E2B6;
					};
				};
			};
			buildConfigurationList = 182655B21B15C99700C1E2B6 /* Build configuration list for PBXProject "BannerDemo" */;
			compatibilityVersion = "Xcode 3.2";
			developmentRegion = English;
			hasScannedForEncodings = 0;
			knownRegions = (
				en,
				Base,
			);
			mainGroup = 182655AE1B15C99700C1E2B6;
			productRefGroup = 182655B81B15C99700C1E2B6 /* Products */;
			projectDirPath = "";
			projectRoot = "";
			targets = (
				182655B61B15C99700C1E2B6 /* BannerDemo */,
				182655CF1B15C99700C1E2B6 /* BannerDemoTests */,
			);
		};
/* End PBXProject section */

/* Begin PBXResourcesBuildPhase section */
		182655B51B15C99700C1E2B6 /* Resources */ = {
			isa = PBXResourcesBuildPhase;
			buildActionMask = 2147483647;
			files = (
				182656081B15C9C100C1E2B6 /* BannerView.xib in Resources */,
				1826561E1B15CAEF00C1E2B6 /* 3.png in Resources */,
				1826561C1B15CAEF00C1E2B6 /* 1.png in Resources */,
				182655C61B15C99700C1E2B6 /* Main.storyboard in Resources */,
				182655CB1B15C99700C1E2B6 /* LaunchScreen.xib in Resources */,
				182655C81B15C99700C1E2B6 /* Images.xcassets in Resources */,
				182656091B15C9C100C1E2B6 /* LICENSE in Resources */,
				1826561D1B15CAEF00C1E2B6 /* 2.png in Resources */,
			);
			runOnlyForDeploymentPostprocessing = 0;
		};
		182655CE1B15C99700C1E2B6 /* Resources */ = {
			isa = PBXResourcesBuildPhase;
			buildActionMask = 2147483647;
			files = (
			);
			runOnlyForDeploymentPostprocessing = 0;
		};
/* End PBXResourcesBuildPhase section */

/* Begin PBXSourcesBuildPhase section */
		182655B31B15C99700C1E2B6 /* Sources */ = {
			isa = PBXSourcesBuildPhase;
			buildActionMask = 2147483647;
			files = (
				182656161B15C9C100C1E2B6 /* UIImageView+HighlightedWebCache.m in Sources */,
				1826560A1B15C9C100C1E2B6 /* README.md in Sources */,
				182656121B15C9C100C1E2B6 /* SDWebImagePrefetcher.m in Sources */,
				182655C31B15C99700C1E2B6 /* ViewController.m in Sources */,
				1826560E1B15C9C100C1E2B6 /* SDWebImageDecoder.m in Sources */,
				1826560F1B15C9C100C1E2B6 /* SDWebImageDownloader.m in Sources */,
				182655C01B15C99700C1E2B6 /* AppDelegate.m in Sources */,
				182656111B15C9C100C1E2B6 /* SDWebImageManager.m in Sources */,
				182656131B15C9C100C1E2B6 /* UIButton+WebCache.m in Sources */,
				182656151B15C9C100C1E2B6 /* UIImage+MultiFormat.m in Sources */,
				182656171B15C9C100C1E2B6 /* UIImageView+WebCache.m in Sources */,
				182656061B15C9C100C1E2B6 /* BannerObject.m in Sources */,
				182656181B15C9C100C1E2B6 /* UIView+WebCacheOperation.m in Sources */,
				182656101B15C9C100C1E2B6 /* SDWebImageDownloaderOperation.m in Sources */,
				182656141B15C9C100C1E2B6 /* UIImage+GIF.m in Sources */,
				1826560D1B15C9C100C1E2B6 /* SDWebImageCompat.m in Sources */,
				1826560B1B15C9C100C1E2B6 /* NSData+ImageContentType.m in Sources */,
				182656071B15C9C100C1E2B6 /* BannerView.m in Sources */,
				182655BD1B15C99700C1E2B6 /* main.m in Sources */,
				1826560C1B15C9C100C1E2B6 /* SDImageCache.m in Sources */,
			);
			runOnlyForDeploymentPostprocessing = 0;
		};
		182655CC1B15C99700C1E2B6 /* Sources */ = {
			isa = PBXSourcesBuildPhase;
			buildActionMask = 2147483647;
			files = (
				182655D71B15C99700C1E2B6 /* BannerDemoTests.m in Sources */,
			);
			runOnlyForDeploymentPostprocessing = 0;
		};
/* End PBXSourcesBuildPhase section */

/* Begin PBXTargetDependency section */
		182655D21B15C99700C1E2B6 /* PBXTargetDependency */ = {
			isa = PBXTargetDependency;
			target = 182655B61B15C99700C1E2B6 /* BannerDemo */;
			targetProxy = 182655D11B15C99700C1E2B6 /* PBXContainerItemProxy */;
		};
/* End PBXTargetDependency section */

/* Begin PBXVariantGroup section */
		182655C41B15C99700C1E2B6 /* Main.storyboard */ = {
			isa = PBXVariantGroup;
			children = (
				182655C51B15C99700C1E2B6 /* Base */,
			);
			name = Main.storyboard;
			sourceTree = "<group>";
		};
		182655C91B15C99700C1E2B6 /* LaunchScreen.xib */ = {
			isa = PBXVariantGroup;
			children = (
				182655CA1B15C99700C1E2B6 /* Base */,
			);
			name = LaunchScreen.xib;
			sourceTree = "<group>";
		};
/* End PBXVariantGroup section */

/* Begin XCBuildConfiguration section */
		182655D81B15C99700C1E2B6 /* Debug */ = {
			isa = XCBuildConfiguration;
			buildSettings = {
				ALWAYS_SEARCH_USER_PATHS = NO;
				CLANG_CXX_LANGUAGE_STANDARD = "gnu++0x";
				CLANG_CXX_LIBRARY = "libc++";
				CLANG_ENABLE_MODULES = YES;
				CLANG_ENABLE_OBJC_ARC = YES;
				CLANG_WARN_BOOL_CONVERSION = YES;
				CLANG_WARN_CONSTANT_CONVERSION = YES;
				CLANG_WARN_DIRECT_OBJC_ISA_USAGE = YES_ERROR;
				CLANG_WARN_EMPTY_BODY = YES;
				CLANG_WARN_ENUM_CONVERSION = YES;
				CLANG_WARN_INT_CONVERSION = YES;
				CLANG_WARN_OBJC_ROOT_CLASS = YES_ERROR;
				CLANG_WARN_UNREACHABLE_CODE = YES;
				CLANG_WARN__DUPLICATE_METHOD_MATCH = YES;
				"CODE_SIGN_IDENTITY[sdk=iphoneos*]" = "iPhone Developer";
				COPY_PHASE_STRIP = NO;
				ENABLE_STRICT_OBJC_MSGSEND = YES;
				GCC_C_LANGUAGE_STANDARD = gnu99;
				GCC_DYNAMIC_NO_PIC = NO;
				GCC_OPTIMIZATION_LEVEL = 0;
				GCC_PREPROCESSOR_DEFINITIONS = (
					"DEBUG=1",
					"$(inherited)",
				);
				GCC_SYMBOLS_PRIVATE_EXTERN = NO;
				GCC_WARN_64_TO_32_BIT_CONVERSION = YES;
				GCC_WARN_ABOUT_RETURN_TYPE = YES_ERROR;
				GCC_WARN_UNDECLARED_SELECTOR = YES;
				GCC_WARN_UNINITIALIZED_AUTOS = YES_AGGRESSIVE;
				GCC_WARN_UNUSED_FUNCTION = YES;
				GCC_WARN_UNUSED_VARIABLE = YES;
				IPHONEOS_DEPLOYMENT_TARGET = 8.2;
				MTL_ENABLE_DEBUG_INFO = YES;
				ONLY_ACTIVE_ARCH = YES;
				SDKROOT = iphoneos;
			};
			name = Debug;
		};
		182655D91B15C99700C1E2B6 /* Release */ = {
			isa = XCBuildConfiguration;
			buildSettings = {
				ALWAYS_SEARCH_USER_PATHS = NO;
				CLANG_CXX_LANGUAGE_STANDARD = "gnu++0x";
				CLANG_CXX_LIBRARY = "libc++";
				CLANG_ENABLE_MODULES = YES;
				CLANG_ENABLE_OBJC_ARC = YES;
				CLANG_WARN_BOOL_CONVERSION = YES;
				CLANG_WARN_CONSTANT_CONVERSION = YES;
				CLANG_WARN_DIRECT_OBJC_ISA_USAGE = YES_ERROR;
				CLANG_WARN_EMPTY_BODY = YES;
				CLANG_WARN_ENUM_CONVERSION = YES;
				CLANG_WARN_INT_CONVERSION = YES;
				CLANG_WARN_OBJC_ROOT_CLASS = YES_ERROR;
				CLANG_WARN_UNREACHABLE_CODE = YES;
				CLANG_WARN__DUPLICATE_METHOD_MATCH = YES;
				"CODE_SIGN_IDENTITY[sdk=iphoneos*]" = "iPhone Developer";
				COPY_PHASE_STRIP = NO;
				ENABLE_NS_ASSERTIONS = NO;
				ENABLE_STRICT_OBJC_MSGSEND = YES;
				GCC_C_LANGUAGE_STANDARD = gnu99;
				GCC_WARN_64_TO_32_BIT_CONVERSION = YES;
				GCC_WARN_ABOUT_RETURN_TYPE = YES_ERROR;
				GCC_WARN_UNDECLARED_SELECTOR = YES;
				GCC_WARN_UNINITIALIZED_AUTOS = YES_AGGRESSIVE;
				GCC_WARN_UNUSED_FUNCTION = YES;
				GCC_WARN_UNUSED_VARIABLE = YES;
				IPHONEOS_DEPLOYMENT_TARGET = 8.2;
				MTL_ENABLE_DEBUG_INFO = NO;
				SDKROOT = iphoneos;
				VALIDATE_PRODUCT = YES;
			};
			name = Release;
		};
		182655DB1B15C99700C1E2B6 /* Debug */ = {
			isa = XCBuildConfiguration;
			buildSettings = {
				ASSETCATALOG_COMPILER_APPICON_NAME = AppIcon;
				ASSETCATALOG_COMPILER_LAUNCHIMAGE_NAME = LaunchImage;
				INFOPLIST_FILE = BannerDemo/Info.plist;
				IPHONEOS_DEPLOYMENT_TARGET = 7.0;
				LD_RUNPATH_SEARCH_PATHS = "$(inherited) @executable_path/Frameworks";
				PRODUCT_NAME = "$(TARGET_NAME)";
			};
			name = Debug;
		};
		182655DC1B15C99700C1E2B6 /* Release */ = {
			isa = XCBuildConfiguration;
			buildSettings = {
				ASSETCATALOG_COMPILER_APPICON_NAME = AppIcon;
				ASSETCATALOG_COMPILER_LAUNCHIMAGE_NAME = LaunchImage;
				INFOPLIST_FILE = BannerDemo/Info.plist;
				IPHONEOS_DEPLOYMENT_TARGET = 7.0;
				LD_RUNPATH_SEARCH_PATHS = "$(inherited) @executable_path/Frameworks";
				PRODUCT_NAME = "$(TARGET_NAME)";
			};
			name = Release;
		};
		182655DE1B15C99700C1E2B6 /* Debug */ = {
			isa = XCBuildConfiguration;
			buildSettings = {
				BUNDLE_LOADER = "$(TEST_HOST)";
				FRAMEWORK_SEARCH_PATHS = (
					"$(SDKROOT)/Developer/Library/Frameworks",
					"$(inherited)",
				);
				GCC_PREPROCESSOR_DEFINITIONS = (
					"DEBUG=1",
					"$(inherited)",
				);
				INFOPLIST_FILE = BannerDemoTests/Info.plist;
				LD_RUNPATH_SEARCH_PATHS = "$(inherited) @executable_path/Frameworks @loader_path/Frameworks";
				PRODUCT_NAME = "$(TARGET_NAME)";
				TEST_HOST = "$(BUILT_PRODUCTS_DIR)/BannerDemo.app/BannerDemo";
			};
			name = Debug;
		};
		182655DF1B15C99700C1E2B6 /* Release */ = {
			isa = XCBuildConfiguration;
			buildSettings = {
				BUNDLE_LOADER = "$(TEST_HOST)";
				FRAMEWORK_SEARCH_PATHS = (
					"$(SDKROOT)/Developer/Library/Frameworks",
					"$(inherited)",
				);
				INFOPLIST_FILE = BannerDemoTests/Info.plist;
				LD_RUNPATH_SEARCH_PATHS = "$(inherited) @executable_path/Frameworks @loader_path/Frameworks";
				PRODUCT_NAME = "$(TARGET_NAME)";
				TEST_HOST = "$(BUILT_PRODUCTS_DIR)/BannerDemo.app/BannerDemo";
			};
			name = Release;
		};
/* End XCBuildConfiguration section */

/* Begin XCConfigurationList section */
		182655B21B15C99700C1E2B6 /* Build configuration list for PBXProject "BannerDemo" */ = {
			isa = XCConfigurationList;
			buildConfigurations = (
				182655D81B15C99700C1E2B6 /* Debug */,
				182655D91B15C99700C1E2B6 /* Release */,
			);
			defaultConfigurationIsVisible = 0;
			defaultConfigurationName = Release;
		};
		182655DA1B15C99700C1E2B6 /* Build configuration list for PBXNativeTarget "BannerDemo" */ = {
			isa = XCConfigurationList;
			buildConfigurations = (
				182655DB1B15C99700C1E2B6 /* Debug */,
				182655DC1B15C99700C1E2B6 /* Release */,
			);
			defaultConfigurationIsVisible = 0;
		};
		182655DD1B15C99700C1E2B6 /* Build configuration list for PBXNativeTarget "BannerDemoTests" */ = {
			isa = XCConfigurationList;
			buildConfigurations = (
				182655DE1B15C99700C1E2B6 /* Debug */,
				182655DF1B15C99700C1E2B6 /* Release */,
			);
			defaultConfigurationIsVisible = 0;
		};
/* End XCConfigurationList section */
	};
	rootObject = 182655AF1B15C99700C1E2B6 /* Project object */;
}
